{
  "name": "WaterMelonVue",
  "lockfileVersion": 3,
  "requires": true,
  "packages": {
    "": {
      "dependencies": {
        "aromanize": "^0.1.5"
      }
    },
    "node_modules/aromanize": {
      "version": "0.1.5",
      "resolved": "https://registry.npmjs.org/aromanize/-/aromanize-0.1.5.tgz",
      "integrity": "sha512-fyFsbmpocja8wnYuYjwt2k7WRkBZftZKDDmLgX9tclV94TRn7b29skxU66tTDInNFZ3MwITPdNvb8bLg2rbbDA=="
    }
  }
}
